
Microsoft Visual Studio Solution File, Format Version 12.00
# Visual Studio Version 16
VisualStudioVersion = 16.0.30503.244
MinimumVisualStudioVersion = 10.0.40219.1
Project("{FAE04EC0-301F-11D3-BF4B-00C04F79EFBC}") = "lab2", "lab2\lab2.csproj", "{4694C144-E866-4BC3-A7AD-56E3288A9772}"
EndProject
Global
	GlobalSection(SolutionConfigurationPlatforms) = preSolution
		Debug|Any CPU = Debug|Any CPU
		Release|Any CPU = Release|Any CPU
	EndGlobalSection
	GlobalSection(ProjectConfigurationPlatforms) = postSolution
		{4694C144-E866-4BC3-A7AD-56E3288A9772}.Debug|Any CPU.ActiveCfg = Debug|Any CPU
		{4694C144-E866-4BC3-A7AD-56E3288A9772}.Debug|Any CPU.Build.0 = Debug|Any CPU
		{4694C144-E866-4BC3-A7AD-56E3288A9772}.Release|Any CPU.ActiveCfg = Release|Any CPU
		{4694C144-E866-4BC3-A7AD-56E3288A9772}.Release|Any CPU.Build.0 = Release|Any CPU
	EndGlobalSection
	GlobalSection(SolutionProperties) = preSolution
		HideSolutionNode = FALSE
	EndGlobalSection
	GlobalSection(ExtensibilityGlobals) = postSolution
		SolutionGuid = {DA59194D-B03A-483F-B820-162AF64CE025}
	EndGlobalSection
EndGlobal
