
Microsoft Visual Studio Solution File, Format Version 12.00
# Visual Studio Version 16
VisualStudioVersion = 16.0.30621.155
MinimumVisualStudioVersion = 10.0.40219.1
Project("{FAE04EC0-301F-11D3-BF4B-00C04F79EFBC}") = "SyndicationService", "SyndicationService\SyndicationService.csproj", "{4ACE2AB5-CF6C-48B0-8881-A5B4C81E6789}"
EndProject
Project("{FAE04EC0-301F-11D3-BF4B-00C04F79EFBC}") = "Client", "Client\Client.csproj", "{34F25F9B-956F-486B-AAE5-20CFB85E961C}"
EndProject
Project("{FAE04EC0-301F-11D3-BF4B-00C04F79EFBC}") = "Host", "Host\Host.csproj", "{CECE0791-519A-4E8B-BCBC-5138245DDD4E}"
EndProject
Global
	GlobalSection(SolutionConfigurationPlatforms) = preSolution
		Debug|Any CPU = Debug|Any CPU
		Release|Any CPU = Release|Any CPU
	EndGlobalSection
	GlobalSection(ProjectConfigurationPlatforms) = postSolution
		{4ACE2AB5-CF6C-48B0-8881-A5B4C81E6789}.Debug|Any CPU.ActiveCfg = Debug|Any CPU
		{4ACE2AB5-CF6C-48B0-8881-A5B4C81E6789}.Debug|Any CPU.Build.0 = Debug|Any CPU
		{4ACE2AB5-CF6C-48B0-8881-A5B4C81E6789}.Release|Any CPU.ActiveCfg = Release|Any CPU
		{4ACE2AB5-CF6C-48B0-8881-A5B4C81E6789}.Release|Any CPU.Build.0 = Release|Any CPU
		{34F25F9B-956F-486B-AAE5-20CFB85E961C}.Debug|Any CPU.ActiveCfg = Debug|Any CPU
		{34F25F9B-956F-486B-AAE5-20CFB85E961C}.Debug|Any CPU.Build.0 = Debug|Any CPU
		{34F25F9B-956F-486B-AAE5-20CFB85E961C}.Release|Any CPU.ActiveCfg = Release|Any CPU
		{34F25F9B-956F-486B-AAE5-20CFB85E961C}.Release|Any CPU.Build.0 = Release|Any CPU
		{CECE0791-519A-4E8B-BCBC-5138245DDD4E}.Debug|Any CPU.ActiveCfg = Debug|Any CPU
		{CECE0791-519A-4E8B-BCBC-5138245DDD4E}.Debug|Any CPU.Build.0 = Debug|Any CPU
		{CECE0791-519A-4E8B-BCBC-5138245DDD4E}.Release|Any CPU.ActiveCfg = Release|Any CPU
		{CECE0791-519A-4E8B-BCBC-5138245DDD4E}.Release|Any CPU.Build.0 = Release|Any CPU
	EndGlobalSection
	GlobalSection(SolutionProperties) = preSolution
		HideSolutionNode = FALSE
	EndGlobalSection
	GlobalSection(ExtensibilityGlobals) = postSolution
		SolutionGuid = {7674310E-C71D-46ED-9FDB-079BEF3888C5}
	EndGlobalSection
EndGlobal
